
Microsoft Visual Studio Solution File, Format Version 12.00
# Visual Studio Version 17
VisualStudioVersion = 17.11.35222.181
MinimumVisualStudioVersion = 10.0.40219.1
Project("{FAE04EC0-301F-11D3-BF4B-00C04F79EFBC}") = "Zadatak4", "Zadatak4\Zadatak4.csproj", "{584FDB9B-7D7F-484F-B55B-078416760645}"
EndProject
Global
	GlobalSection(SolutionConfigurationPlatforms) = preSolution
		Debug|Any CPU = Debug|Any CPU
		Release|Any CPU = Release|Any CPU
	EndGlobalSection
	GlobalSection(ProjectConfigurationPlatforms) = postSolution
		{584FDB9B-7D7F-484F-B55B-078416760645}.Debug|Any CPU.ActiveCfg = Debug|Any CPU
		{584FDB9B-7D7F-484F-B55B-078416760645}.Debug|Any CPU.Build.0 = Debug|Any CPU
		{584FDB9B-7D7F-484F-B55B-078416760645}.Release|Any CPU.ActiveCfg = Release|Any CPU
		{584FDB9B-7D7F-484F-B55B-078416760645}.Release|Any CPU.Build.0 = Release|Any CPU
	EndGlobalSection
	GlobalSection(SolutionProperties) = preSolution
		HideSolutionNode = FALSE
	EndGlobalSection
	GlobalSection(ExtensibilityGlobals) = postSolution
		SolutionGuid = {D7A319C5-2E37-4A0A-BA45-77BA63B8F22D}
	EndGlobalSection
EndGlobal
