
Microsoft Visual Studio Solution File, Format Version 12.00
# Visual Studio Version 17
VisualStudioVersion = 17.11.35222.181
MinimumVisualStudioVersion = 10.0.40219.1
Project("{FAE04EC0-301F-11D3-BF4B-00C04F79EFBC}") = "Zadatak2", "Zadatak2\Zadatak2.csproj", "{1A57E502-4A28-435E-B2F9-53B4D737EB02}"
EndProject
Global
	GlobalSection(SolutionConfigurationPlatforms) = preSolution
		Debug|Any CPU = Debug|Any CPU
		Release|Any CPU = Release|Any CPU
	EndGlobalSection
	GlobalSection(ProjectConfigurationPlatforms) = postSolution
		{1A57E502-4A28-435E-B2F9-53B4D737EB02}.Debug|Any CPU.ActiveCfg = Debug|Any CPU
		{1A57E502-4A28-435E-B2F9-53B4D737EB02}.Debug|Any CPU.Build.0 = Debug|Any CPU
		{1A57E502-4A28-435E-B2F9-53B4D737EB02}.Release|Any CPU.ActiveCfg = Release|Any CPU
		{1A57E502-4A28-435E-B2F9-53B4D737EB02}.Release|Any CPU.Build.0 = Release|Any CPU
	EndGlobalSection
	GlobalSection(SolutionProperties) = preSolution
		HideSolutionNode = FALSE
	EndGlobalSection
	GlobalSection(ExtensibilityGlobals) = postSolution
		SolutionGuid = {2A330444-11E3-4E48-985D-4B49C714C07D}
	EndGlobalSection
EndGlobal
